// !$*UTF8*$!
{
	archiveVersion = 1;
	classes = {
	};
	objectVersion = 50;
	objects = {

/* Begin PBXBuildFile section */
		076134C22086655C0038F68B /* Runs.swift in Sources */ = {isa = PBXBuildFile; fileRef = 076134C12086655C0038F68B /* Runs.swift */; };
		078686F32086362800E40ED7 /* AppDelegate.swift in Sources */ = {isa = PBXBuildFile; fileRef = 078686F22086362800E40ED7 /* AppDelegate.swift */; };
		078686F52086362800E40ED7 /* ViewController.swift in Sources */ = {isa = PBXBuildFile; fileRef = 078686F42086362800E40ED7 /* ViewController.swift */; };
		078686F82086362800E40ED7 /* Main.storyboard in Resources */ = {isa = PBXBuildFile; fileRef = 078686F62086362800E40ED7 /* Main.storyboard */; };
		078686FA2086362A00E40ED7 /* Assets.xcassets in Resources */ = {isa = PBXBuildFile; fileRef = 078686F92086362A00E40ED7 /* Assets.xcassets */; };
		078686FD2086362A00E40ED7 /* LaunchScreen.storyboard in Resources */ = {isa = PBXBuildFile; fileRef = 078686FB2086362A00E40ED7 /* LaunchScreen.storyboard */; };
		0786870B2086380000E40ED7 /* GoogleService-Info.plist in Resources */ = {isa = PBXBuildFile; fileRef = 0786870A2086380000E40ED7 /* GoogleService-Info.plist */; };
		CBFB7FFA9A66E2381F73A586 /* Pods_iCanRun.framework in Frameworks */ = {isa = PBXBuildFile; fileRef = 9161C7E7023BBADA2A526C12 /* Pods_iCanRun.framework */; };
/* End PBXBuildFile section */

/* Begin PBXFileReference section */
		076134C12086655C0038F68B /* Runs.swift */ = {isa = PBXFileReference; lastKnownFileType = sourcecode.swift; path = Runs.swift; sourceTree = "<group>"; };
		078686EF2086362800E40ED7 /* iCanRun.app */ = {isa = PBXFileReference; explicitFileType = wrapper.application; includeInIndex = 0; path = iCanRun.app; sourceTree = BUILT_PRODUCTS_DIR; };
		078686F22086362800E40ED7 /* AppDelegate.swift */ = {isa = PBXFileReference; lastKnownFileType = sourcecode.swift; path = AppDelegate.swift; sourceTree = "<group>"; };
		078686F42086362800E40ED7 /* ViewController.swift */ = {isa = PBXFileReference; lastKnownFileType = sourcecode.swift; path = ViewController.swift; sourceTree = "<group>"; };
		078686F72086362800E40ED7 /* Base */ = {isa = PBXFileReference; lastKnownFileType = file.storyboard; name = Base; path = Base.lproj/Main.storyboard; sourceTree = "<group>"; };
		078686F92086362A00E40ED7 /* Assets.xcassets */ = {isa = PBXFileReference; lastKnownFileType = folder.assetcatalog; path = Assets.xcassets; sourceTree = "<group>"; };
		078686FC2086362A00E40ED7 /* Base */ = {isa = PBXFileReference; lastKnownFileType = file.storyboard; name = Base; path = Base.lproj/LaunchScreen.storyboard; sourceTree = "<group>"; };
		078686FE2086362A00E40ED7 /* Info.plist */ = {isa = PBXFileReference; lastKnownFileType = text.plist.xml; path = Info.plist; sourceTree = "<group>"; };
		0786870A2086380000E40ED7 /* GoogleService-Info.plist */ = {isa = PBXFileReference; fileEncoding = 4; lastKnownFileType = text.plist.xml; path = "GoogleService-Info.plist"; sourceTree = "<group>"; };
		5F2217CB12EAA789D2E256C0 /* Pods-iCanRun.release.xcconfig */ = {isa = PBXFileReference; includeInIndex = 1; lastKnownFileType = text.xcconfig; name = "Pods-iCanRun.release.xcconfig"; path = "Pods/Target Support Files/Pods-iCanRun/Pods-iCanRun.release.xcconfig"; sourceTree = "<group>"; };
		9161C7E7023BBADA2A526C12 /* Pods_iCanRun.framework */ = {isa = PBXFileReference; explicitFileType = wrapper.framework; includeInIndex = 0; path = Pods_iCanRun.framework; sourceTree = BUILT_PRODUCTS_DIR; };
		D28C241582353CDBB6DB0EF1 /* Pods-iCanRun.debug.xcconfig */ = {isa = PBXFileReference; includeInIndex = 1; lastKnownFileType = text.xcconfig; name = "Pods-iCanRun.debug.xcconfig"; path = "Pods/Target Support Files/Pods-iCanRun/Pods-iCanRun.debug.xcconfig"; sourceTree = "<group>"; };
/* End PBXFileReference section */

/* Begin PBXFrameworksBuildPhase section */
		078686EC2086362800E40ED7 /* Frameworks */ = {
			isa = PBXFrameworksBuildPhase;
			buildActionMask = 2147483647;
			files = (
				CBFB7FFA9A66E2381F73A586 /* Pods_iCanRun.framework in Frameworks */,
			);
			runOnlyForDeploymentPostprocessing = 0;
		};
/* End PBXFrameworksBuildPhase section */

/* Begin PBXGroup section */
		078686E62086362800E40ED7 = {
			isa = PBXGroup;
			children = (
				078686F12086362800E40ED7 /* iCanRun */,
				078686F02086362800E40ED7 /* Products */,
				C402D829744307C7E12CA48D /* Pods */,
				567A5D0380E7EAF7F71F48DA /* Frameworks */,
			);
			sourceTree = "<group>";
		};
		078686F02086362800E40ED7 /* Products */ = {
			isa = PBXGroup;
			children = (
				078686EF2086362800E40ED7 /* iCanRun.app */,
			);
			name = Products;
			sourceTree = "<group>";
		};
		078686F12086362800E40ED7 /* iCanRun */ = {
			isa = PBXGroup;
			children = (
				078687042086367F00E40ED7 /* Services */,
				078687052086368D00E40ED7 /* Model */,
				078687062086369700E40ED7 /* View */,
				078687072086369D00E40ED7 /* Controller */,
				078686F22086362800E40ED7 /* AppDelegate.swift */,
				0786870A2086380000E40ED7 /* GoogleService-Info.plist */,
				078686F92086362A00E40ED7 /* Assets.xcassets */,
				078686FE2086362A00E40ED7 /* Info.plist */,
			);
			path = iCanRun;
			sourceTree = "<group>";
		};
		078687042086367F00E40ED7 /* Services */ = {
			isa = PBXGroup;
			children = (
			);
			path = Services;
			sourceTree = "<group>";
		};
		078687052086368D00E40ED7 /* Model */ = {
			isa = PBXGroup;
			children = (
				076134C12086655C0038F68B /* Runs.swift */,
			);
			path = Model;
			sourceTree = "<group>";
		};
		078687062086369700E40ED7 /* View */ = {
			isa = PBXGroup;
			children = (
				078686FB2086362A00E40ED7 /* LaunchScreen.storyboard */,
				078686F62086362800E40ED7 /* Main.storyboard */,
			);
			path = View;
			sourceTree = "<group>";
		};
		078687072086369D00E40ED7 /* Controller */ = {
			isa = PBXGroup;
			children = (
				078686F42086362800E40ED7 /* ViewController.swift */,
			);
			path = Controller;
			sourceTree = "<group>";
		};
		567A5D0380E7EAF7F71F48DA /* Frameworks */ = {
			isa = PBXGroup;
			children = (
				9161C7E7023BBADA2A526C12 /* Pods_iCanRun.framework */,
			);
			name = Frameworks;
			sourceTree = "<group>";
		};
		C402D829744307C7E12CA48D /* Pods */ = {
			isa = PBXGroup;
			children = (
				D28C241582353CDBB6DB0EF1 /* Pods-iCanRun.debug.xcconfig */,
				5F2217CB12EAA789D2E256C0 /* Pods-iCanRun.release.xcconfig */,
			);
			name = Pods;
			sourceTree = "<group>";
		};
/* End PBXGroup section */

/* Begin PBXNativeTarget section */
		078686EE2086362800E40ED7 /* iCanRun */ = {
			isa = PBXNativeTarget;
			buildConfigurationList = 078687012086362A00E40ED7 /* Build configuration list for PBXNativeTarget "iCanRun" */;
			buildPhases = (
				4A5895FD738B30AEE8E1E3D7 /* [CP] Check Pods Manifest.lock */,
				078686EB2086362800E40ED7 /* Sources */,
				078686EC2086362800E40ED7 /* Frameworks */,
				078686ED2086362800E40ED7 /* Resources */,
				FA7D45825E00CB08A50E571C /* [CP] Embed Pods Frameworks */,
			);
			buildRules = (
			);
			dependencies = (
			);
			name = iCanRun;
			productName = iCanRun;
			productReference = 078686EF2086362800E40ED7 /* iCanRun.app */;
			productType = "com.apple.product-type.application";
		};
/* End PBXNativeTarget section */

/* Begin PBXProject section */
		078686E72086362800E40ED7 /* Project object */ = {
			isa = PBXProject;
			attributes = {
				LastSwiftUpdateCheck = 0940;
				LastUpgradeCheck = 0940;
				ORGANIZATIONNAME = "Eric Torigian";
				TargetAttributes = {
					078686EE2086362800E40ED7 = {
						CreatedOnToolsVersion = 9.4;
					};
				};
			};
			buildConfigurationList = 078686EA2086362800E40ED7 /* Build configuration list for PBXProject "iCanRun" */;
			compatibilityVersion = "Xcode 9.3";
			developmentRegion = en;
			hasScannedForEncodings = 0;
			knownRegions = (
				en,
				Base,
			);
			mainGroup = 078686E62086362800E40ED7;
			productRefGroup = 078686F02086362800E40ED7 /* Products */;
			projectDirPath = "";
			projectRoot = "";
			targets = (
				078686EE2086362800E40ED7 /* iCanRun */,
			);
		};
/* End PBXProject section */

/* Begin PBXResourcesBuildPhase section */
		078686ED2086362800E40ED7 /* Resources */ = {
			isa = PBXResourcesBuildPhase;
			buildActionMask = 2147483647;
			files = (
				078686FD2086362A00E40ED7 /* LaunchScreen.storyboard in Resources */,
				0786870B2086380000E40ED7 /* GoogleService-Info.plist in Resources */,
				078686FA2086362A00E40ED7 /* Assets.xcassets in Resources */,
				078686F82086362800E40ED7 /* Main.storyboard in Resources */,
			);
			runOnlyForDeploymentPostprocessing = 0;
		};
/* End PBXResourcesBuildPhase section */

/* Begin PBXShellScriptBuildPhase section */
		4A5895FD738B30AEE8E1E3D7 /* [CP] Check Pods Manifest.lock */ = {
			isa = PBXShellScriptBuildPhase;
			buildActionMask = 2147483647;
			files = (
			);
			inputPaths = (
				"${PODS_PODFILE_DIR_PATH}/Podfile.lock",
				"${PODS_ROOT}/Manifest.lock",
			);
			name = "[CP] Check Pods Manifest.lock";
			outputPaths = (
				"$(DERIVED_FILE_DIR)/Pods-iCanRun-checkManifestLockResult.txt",
			);
			runOnlyForDeploymentPostprocessing = 0;
			shellPath = /bin/sh;
			shellScript = "diff \"${PODS_PODFILE_DIR_PATH}/Podfile.lock\" \"${PODS_ROOT}/Manifest.lock\" > /dev/null\nif [ $? != 0 ] ; then\n    # print error to STDERR\n    echo \"error: The sandbox is not in sync with the Podfile.lock. Run 'pod install' or update your CocoaPods installation.\" >&2\n    exit 1\nfi\n# This output is used by Xcode 'outputs' to avoid re-running this script phase.\necho \"SUCCESS\" > \"${SCRIPT_OUTPUT_FILE_0}\"\n";
			showEnvVarsInLog = 0;
		};
		FA7D45825E00CB08A50E571C /* [CP] Embed Pods Frameworks */ = {
			isa = PBXShellScriptBuildPhase;
			buildActionMask = 2147483647;
			files = (
			);
			inputPaths = (
				"${SRCROOT}/Pods/Target Support Files/Pods-iCanRun/Pods-iCanRun-frameworks.sh",
				"${BUILT_PRODUCTS_DIR}/BoringSSL/openssl.framework",
				"${BUILT_PRODUCTS_DIR}/GoogleToolboxForMac/GoogleToolboxForMac.framework",
				"${BUILT_PRODUCTS_DIR}/Protobuf/Protobuf.framework",
				"${BUILT_PRODUCTS_DIR}/gRPC/GRPCClient.framework",
				"${BUILT_PRODUCTS_DIR}/gRPC-Core/grpc.framework",
				"${BUILT_PRODUCTS_DIR}/gRPC-ProtoRPC/ProtoRPC.framework",
				"${BUILT_PRODUCTS_DIR}/gRPC-RxLibrary/RxLibrary.framework",
				"${BUILT_PRODUCTS_DIR}/leveldb-library/leveldb.framework",
				"${BUILT_PRODUCTS_DIR}/nanopb/nanopb.framework",
			);
			name = "[CP] Embed Pods Frameworks";
			outputPaths = (
				"${TARGET_BUILD_DIR}/${FRAMEWORKS_FOLDER_PATH}/openssl.framework",
				"${TARGET_BUILD_DIR}/${FRAMEWORKS_FOLDER_PATH}/GoogleToolboxForMac.framework",
				"${TARGET_BUILD_DIR}/${FRAMEWORKS_FOLDER_PATH}/Protobuf.framework",
				"${TARGET_BUILD_DIR}/${FRAMEWORKS_FOLDER_PATH}/GRPCClient.framework",
				"${TARGET_BUILD_DIR}/${FRAMEWORKS_FOLDER_PATH}/grpc.framework",
				"${TARGET_BUILD_DIR}/${FRAMEWORKS_FOLDER_PATH}/ProtoRPC.framework",
				"${TARGET_BUILD_DIR}/${FRAMEWORKS_FOLDER_PATH}/RxLibrary.framework",
				"${TARGET_BUILD_DIR}/${FRAMEWORKS_FOLDER_PATH}/leveldb.framework",
				"${TARGET_BUILD_DIR}/${FRAMEWORKS_FOLDER_PATH}/nanopb.framework",
			);
			runOnlyForDeploymentPostprocessing = 0;
			shellPath = /bin/sh;
			shellScript = "\"${SRCROOT}/Pods/Target Support Files/Pods-iCanRun/Pods-iCanRun-frameworks.sh\"\n";
			showEnvVarsInLog = 0;
		};
/* End PBXShellScriptBuildPhase section */

/* Begin PBXSourcesBuildPhase section */
		078686EB2086362800E40ED7 /* Sources */ = {
			isa = PBXSourcesBuildPhase;
			buildActionMask = 2147483647;
			files = (
				076134C22086655C0038F68B /* Runs.swift in Sources */,
				078686F52086362800E40ED7 /* ViewController.swift in Sources */,
				078686F32086362800E40ED7 /* AppDelegate.swift in Sources */,
			);
			runOnlyForDeploymentPostprocessing = 0;
		};
/* End PBXSourcesBuildPhase section */

/* Begin PBXVariantGroup section */
		078686F62086362800E40ED7 /* Main.storyboard */ = {
			isa = PBXVariantGroup;
			children = (
				078686F72086362800E40ED7 /* Base */,
			);
			name = Main.storyboard;
			sourceTree = "<group>";
		};
		078686FB2086362A00E40ED7 /* LaunchScreen.storyboard */ = {
			isa = PBXVariantGroup;
			children = (
				078686FC2086362A00E40ED7 /* Base */,
			);
			name = LaunchScreen.storyboard;
			sourceTree = "<group>";
		};
/* End PBXVariantGroup section */

/* Begin XCBuildConfiguration section */
		078686FF2086362A00E40ED7 /* Debug */ = {
			isa = XCBuildConfiguration;
			buildSettings = {
				ALWAYS_SEARCH_USER_PATHS = NO;
				CLANG_ANALYZER_NONNULL = YES;
				CLANG_ANALYZER_NUMBER_OBJECT_CONVERSION = YES_AGGRESSIVE;
				CLANG_CXX_LANGUAGE_STANDARD = "gnu++14";
				CLANG_CXX_LIBRARY = "libc++";
				CLANG_ENABLE_MODULES = YES;
				CLANG_ENABLE_OBJC_ARC = YES;
				CLANG_ENABLE_OBJC_WEAK = YES;
				CLANG_WARN_BLOCK_CAPTURE_AUTORELEASING = YES;
				CLANG_WARN_BOOL_CONVERSION = YES;
				CLANG_WARN_COMMA = YES;
				CLANG_WARN_CONSTANT_CONVERSION = YES;
				CLANG_WARN_DEPRECATED_OBJC_IMPLEMENTATIONS = YES;
				CLANG_WARN_DIRECT_OBJC_ISA_USAGE = YES_ERROR;
				CLANG_WARN_DOCUMENTATION_COMMENTS = YES;
				CLANG_WARN_EMPTY_BODY = YES;
				CLANG_WARN_ENUM_CONVERSION = YES;
				CLANG_WARN_INFINITE_RECURSION = YES;
				CLANG_WARN_INT_CONVERSION = YES;
				CLANG_WARN_NON_LITERAL_NULL_CONVERSION = YES;
				CLANG_WARN_OBJC_IMPLICIT_RETAIN_SELF = YES;
				CLANG_WARN_OBJC_LITERAL_CONVERSION = YES;
				CLANG_WARN_OBJC_ROOT_CLASS = YES_ERROR;
				CLANG_WARN_RANGE_LOOP_ANALYSIS = YES;
				CLANG_WARN_STRICT_PROTOTYPES = YES;
				CLANG_WARN_SUSPICIOUS_MOVE = YES;
				CLANG_WARN_UNGUARDED_AVAILABILITY = YES_AGGRESSIVE;
				CLANG_WARN_UNREACHABLE_CODE = YES;
				CLANG_WARN__DUPLICATE_METHOD_MATCH = YES;
				CODE_SIGN_IDENTITY = "iPhone Developer";
				COPY_PHASE_STRIP = NO;
				DEBUG_INFORMATION_FORMAT = dwarf;
				ENABLE_STRICT_OBJC_MSGSEND = YES;
				ENABLE_TESTABILITY = YES;
				GCC_C_LANGUAGE_STANDARD = gnu11;
				GCC_DYNAMIC_NO_PIC = NO;
				GCC_NO_COMMON_BLOCKS = YES;
				GCC_OPTIMIZATION_LEVEL = 0;
				GCC_PREPROCESSOR_DEFINITIONS = (
					"DEBUG=1",
					"$(inherited)",
				);
				GCC_WARN_64_TO_32_BIT_CONVERSION = YES;
				GCC_WARN_ABOUT_RETURN_TYPE = YES_ERROR;
				GCC_WARN_UNDECLARED_SELECTOR = YES;
				GCC_WARN_UNINITIALIZED_AUTOS = YES_AGGRESSIVE;
				GCC_WARN_UNUSED_FUNCTION = YES;
				GCC_WARN_UNUSED_VARIABLE = YES;
				IPHONEOS_DEPLOYMENT_TARGET = 11.4;
				MTL_ENABLE_DEBUG_INFO = YES;
				ONLY_ACTIVE_ARCH = YES;
				SDKROOT = iphoneos;
				SWIFT_ACTIVE_COMPILATION_CONDITIONS = DEBUG;
				SWIFT_OPTIMIZATION_LEVEL = "-Onone";
			};
			name = Debug;
		};
		078687002086362A00E40ED7 /* Release */ = {
			isa = XCBuildConfiguration;
			buildSettings = {
				ALWAYS_SEARCH_USER_PATHS = NO;
				CLANG_ANALYZER_NONNULL = YES;
				CLANG_ANALYZER_NUMBER_OBJECT_CONVERSION = YES_AGGRESSIVE;
				CLANG_CXX_LANGUAGE_STANDARD = "gnu++14";
				CLANG_CXX_LIBRARY = "libc++";
				CLANG_ENABLE_MODULES = YES;
				CLANG_ENABLE_OBJC_ARC = YES;
				CLANG_ENABLE_OBJC_WEAK = YES;
				CLANG_WARN_BLOCK_CAPTURE_AUTORELEASING = YES;
				CLANG_WARN_BOOL_CONVERSION = YES;
				CLANG_WARN_COMMA = YES;
				CLANG_WARN_CONSTANT_CONVERSION = YES;
				CLANG_WARN_DEPRECATED_OBJC_IMPLEMENTATIONS = YES;
				CLANG_WARN_DIRECT_OBJC_ISA_USAGE = YES_ERROR;
				CLANG_WARN_DOCUMENTATION_COMMENTS = YES;
				CLANG_WARN_EMPTY_BODY = YES;
				CLANG_WARN_ENUM_CONVERSION = YES;
				CLANG_WARN_INFINITE_RECURSION = YES;
				CLANG_WARN_INT_CONVERSION = YES;
				CLANG_WARN_NON_LITERAL_NULL_CONVERSION = YES;
				CLANG_WARN_OBJC_IMPLICIT_RETAIN_SELF = YES;
				CLANG_WARN_OBJC_LITERAL_CONVERSION = YES;
				CLANG_WARN_OBJC_ROOT_CLASS = YES_ERROR;
				CLANG_WARN_RANGE_LOOP_ANALYSIS = YES;
				CLANG_WARN_STRICT_PROTOTYPES = YES;
				CLANG_WARN_SUSPICIOUS_MOVE = YES;
				CLANG_WARN_UNGUARDED_AVAILABILITY = YES_AGGRESSIVE;
				CLANG_WARN_UNREACHABLE_CODE = YES;
				CLANG_WARN__DUPLICATE_METHOD_MATCH = YES;
				CODE_SIGN_IDENTITY = "iPhone Developer";
				COPY_PHASE_STRIP = NO;
				DEBUG_INFORMATION_FORMAT = "dwarf-with-dsym";
				ENABLE_NS_ASSERTIONS = NO;
				ENABLE_STRICT_OBJC_MSGSEND = YES;
				GCC_C_LANGUAGE_STANDARD = gnu11;
				GCC_NO_COMMON_BLOCKS = YES;
				GCC_WARN_64_TO_32_BIT_CONVERSION = YES;
				GCC_WARN_ABOUT_RETURN_TYPE = YES_ERROR;
				GCC_WARN_UNDECLARED_SELECTOR = YES;
				GCC_WARN_UNINITIALIZED_AUTOS = YES_AGGRESSIVE;
				GCC_WARN_UNUSED_FUNCTION = YES;
				GCC_WARN_UNUSED_VARIABLE = YES;
				IPHONEOS_DEPLOYMENT_TARGET = 11.4;
				MTL_ENABLE_DEBUG_INFO = NO;
				SDKROOT = iphoneos;
				SWIFT_COMPILATION_MODE = wholemodule;
				SWIFT_OPTIMIZATION_LEVEL = "-O";
				VALIDATE_PRODUCT = YES;
			};
			name = Release;
		};
		078687022086362A00E40ED7 /* Debug */ = {
			isa = XCBuildConfiguration;
			baseConfigurationReference = D28C241582353CDBB6DB0EF1 /* Pods-iCanRun.debug.xcconfig */;
			buildSettings = {
				ASSETCATALOG_COMPILER_APPICON_NAME = AppIcon;
				CODE_SIGN_STYLE = Automatic;
				DEVELOPMENT_TEAM = C57K6822B6;
				INFOPLIST_FILE = iCanRun/Info.plist;
				LD_RUNPATH_SEARCH_PATHS = (
					"$(inherited)",
					"@executable_path/Frameworks",
				);
				PRODUCT_BUNDLE_IDENTIFIER = com.torigian.iCanRun;
				PRODUCT_NAME = "$(TARGET_NAME)";
				SWIFT_VERSION = 4.0;
				TARGETED_DEVICE_FAMILY = "1,2";
			};
			name = Debug;
		};
		078687032086362A00E40ED7 /* Release */ = {
			isa = XCBuildConfiguration;
			baseConfigurationReference = 5F2217CB12EAA789D2E256C0 /* Pods-iCanRun.release.xcconfig */;
			buildSettings = {
				ASSETCATALOG_COMPILER_APPICON_NAME = AppIcon;
				CODE_SIGN_STYLE = Automatic;
				DEVELOPMENT_TEAM = C57K6822B6;
				INFOPLIST_FILE = iCanRun/Info.plist;
				LD_RUNPATH_SEARCH_PATHS = (
					"$(inherited)",
					"@executable_path/Frameworks",
				);
				PRODUCT_BUNDLE_IDENTIFIER = com.torigian.iCanRun;
				PRODUCT_NAME = "$(TARGET_NAME)";
				SWIFT_VERSION = 4.0;
				TARGETED_DEVICE_FAMILY = "1,2";
			};
			name = Release;
		};
/* End XCBuildConfiguration section */

/* Begin XCConfigurationList section */
		078686EA2086362800E40ED7 /* Build configuration list for PBXProject "iCanRun" */ = {
			isa = XCConfigurationList;
			buildConfigurations = (
				078686FF2086362A00E40ED7 /* Debug */,
				078687002086362A00E40ED7 /* Release */,
			);
			defaultConfigurationIsVisible = 0;
			defaultConfigurationName = Release;
		};
		078687012086362A00E40ED7 /* Build configuration list for PBXNativeTarget "iCanRun" */ = {
			isa = XCConfigurationList;
			buildConfigurations = (
				078687022086362A00E40ED7 /* Debug */,
				078687032086362A00E40ED7 /* Release */,
			);
			defaultConfigurationIsVisible = 0;
			defaultConfigurationName = Release;
		};
/* End XCConfigurationList section */
	};
	rootObject = 078686E72086362800E40ED7 /* Project object */;
}
